{
  "version": 4,
  "terraform_version": "1.15.9",
  "serial": 4,
  "lineage": "361a467a-ad67-20f8-91d4-5e3c86c721aa",
  "outputs": {
    "instance_id": {
      "value": "i-053ee1cf817ff0403",
      "type": "string"
    },
    "public_ip": {
      "value": "3.95.220.95",
      "type": "string"
    }
  },
  "resources": [
    {
      "mode": "managed",
      "type": "aws_instance",
      "name": "app_server",
      "provider": "provider[\"registry.terraform.io/hashicorp/aws\"]",
      "instances": [
        {
          "schema_version": 1,
          "attributes": {
            "ami": "ami-0fef201115eefe936",
            "arn": "arn:aws:ec2:us-east-1:642314346354:instance/i-053ee1cf817ff0403",
            "associate_public_ip_address": true,
            "availability_zone": "us-east-1b",
            "capacity_reservation_specification": [
              {
                "capacity_reservation_preference": "open",
                "capacity_reservation_target": []
              }
            ],
            "cpu_core_count": 1,
            "cpu_options": [
              {
                "amd_sev_snp": "",
                "core_count": 1,
                "threads_per_core": 2
              }
            ],
            "cpu_threads_per_core": 2,
            "credit_specification": [
              {
                "cpu_credits": "unlimited"
              }
            ],
            "disable_api_stop": false,
            "disable_api_termination": false,
            "ebs_block_device": [],
            "ebs_optimized": false,
            "enable_primary_ipv6": null,
            "enclave_options": [
              {
                "enabled": false
              }
            ],
            "ephemeral_block_device": [],
            "get_password_data": false,
            "hibernation": false,
            "host_id": "",
            "host_resource_group_arn": null,
            "iam_instance_profile": "",
            "id": "i-053ee1cf817ff0403",
            "instance_initiated_shutdown_behavior": "stop",
            "instance_lifecycle": "",
            "instance_market_options": [],
            "instance_state": "running",
            "instance_type": "t3.micro",
            "ipv6_address_count": 0,
            "ipv6_addresses": [],
            "key_name": "provisioner-demo-key",
            "launch_template": [],
            "maintenance_options": [
              {
                "auto_recovery": "default"
              }
            ],
            "metadata_options": [
              {
                "http_endpoint": "enabled",
                "http_protocol_ipv6": "disabled",
                "http_put_response_hop_limit": 2,
                "http_tokens": "required",
                "instance_metadata_tags": "disabled"
              }
            ],
            "monitoring": false,
            "network_interface": [],
            "outpost_arn": "",
            "password_data": "",
            "placement_group": "",
            "placement_partition_number": 0,
            "primary_network_interface_id": "eni-0faaab101d51af1b3",
            "private_dns": "ip-172-31-26-228.ec2.internal",
            "private_dns_name_options": [
              {
                "enable_resource_name_dns_a_record": false,
                "enable_resource_name_dns_aaaa_record": false,
                "hostname_type": "ip-name"
              }
            ],
            "private_ip": "172.31.26.228",
            "public_dns": "ec2-3-95-220-95.compute-1.amazonaws.com",
            "public_ip": "3.95.220.95",
            "root_block_device": [
              {
                "delete_on_termination": true,
                "device_name": "/dev/xvda",
                "encrypted": false,
                "iops": 3000,
                "kms_key_id": "",
                "tags": {},
                "tags_all": {},
                "throughput": 125,
                "volume_id": "vol-003c0febae7d51891",
                "volume_size": 8,
                "volume_type": "gp3"
              }
            ],
            "secondary_private_ips": [],
            "security_groups": [
              "provisioner-demo-sg"
            ],
            "source_dest_check": true,
            "spot_instance_request_id": "",
            "subnet_id": "subnet-07474b54a33a99b69",
            "tags": {
              "Name": "provisioner-demo"
            },
            "tags_all": {
              "Name": "provisioner-demo"
            },
            "tenancy": "default",
            "timeouts": null,
            "user_data": null,
            "user_data_base64": null,
            "user_data_replace_on_change": false,
            "volume_tags": null,
            "vpc_security_group_ids": [
              "sg-03f47bd2025315f6a"
            ]
          },
          "sensitive_attributes": [],
          "identity_schema_version": 0,
          "private": "eyJlMmJmYjczMC1lY2FhLTExZTYtOGY4OC0zNDM2M2JjN2M0YzAiOnsiY3JlYXRlIjo2MDAwMDAwMDAwMDAsImRlbGV0ZSI6MTIwMDAwMDAwMDAwMCwicmVhZCI6OTAwMDAwMDAwMDAwLCJ1cGRhdGUiOjYwMDAwMDAwMDAwMH0sInNjaGVtYV92ZXJzaW9uIjoiMSJ9",
          "dependencies": [
            "aws_key_pair.deployer",
            "aws_security_group.provisioner_demo_sg"
          ]
        }
      ]
    },
    {
      "mode": "managed",
      "type": "aws_key_pair",
      "name": "deployer",
      "provider": "provider[\"registry.terraform.io/hashicorp/aws\"]",
      "instances": [
        {
          "schema_version": 1,
          "attributes": {
            "arn": "arn:aws:ec2:us-east-1:642314346354:key-pair/provisioner-demo-key",
            "fingerprint": "96:6b:64:e0:2d:99:62:b3:5d:ea:15:a5:bb:d5:8e:9c",
            "id": "provisioner-demo-key",
            "key_name": "provisioner-demo-key",
            "key_name_prefix": "",
            "key_pair_id": "key-060921b6fb4dc00be",
            "key_type": "rsa",
            "public_key": "ssh-rsa AAAAB3NzaC1yc2EAAAADAQABAAACAQCxK8+79EVn/REHKuvptMrLZSeuT1of47SZry//vNoLtEBfPDYB2Nwnhq5HXgAIEofyePhlEj3TjWluDInSyfMsKDHRxLbnWxPM5d8O+SMntdXL79PxQyHE5u4ktpRJteissUViOutkzuaLk9MVILQM3SAsPGiGSImi30ISJbsCBvBkglJMUjNa98+qIESkU+T4CC2CQGE3J2UHpjUzm7+Lf39eaDUEMIYiasnq2xKlE3Ox2h24D9DLZ8o/gu4GzIDmq9eiUewkawz3n35R4lth8535Rrc2Zq7j2ter+ObfZFPRo9KD0jjPNJzyJ2Ah3oVuZ49v7ig5KA9xqrwo+dNzxrdvYdxL8sZzS8hK/Cm2bS1CP5fjDtzqTkhoA3SuL+oKW6gETvR9/4rm/8F+nHKQ3wFUh1VaZ38YVUAkbk4CagNQcWzlecA77XHWdY2weRFZU0qM0hnDblPjrhBVo63LZj9wGSUDiA4+i8/BnFmoNJw8YPRANv3woj6+5jp176amC1u/ktpgx92a/gloSe7ThdDG2cjRojAUO5JZYza/JzejafcSZeDOC4gXeWovLwYWd1vkJ68yArn1U0npW4KH999To5wqQNGoh/w4gmnyLbuomoffGRwF7OUAC1kklM8SJZAzPM1oXhBuw+OaObNR4cT73ncJeO92639nCKYbJQ== nikha@NIKKI",
            "tags": null,
            "tags_all": {}
          },
          "sensitive_attributes": [],
          "identity_schema_version": 0,
          "private": "eyJzY2hlbWFfdmVyc2lvbiI6IjEifQ=="
        }
      ]
    },
    {
      "mode": "managed",
      "type": "aws_security_group",
      "name": "provisioner_demo_sg",
      "provider": "provider[\"registry.terraform.io/hashicorp/aws\"]",
      "instances": [
        {
          "schema_version": 1,
          "attributes": {
            "arn": "arn:aws:ec2:us-east-1:642314346354:security-group/sg-03f47bd2025315f6a",
            "description": "Allow SSH inbound",
            "egress": [
              {
                "cidr_blocks": [
                  "0.0.0.0/0"
                ],
                "description": "",
                "from_port": 0,
                "ipv6_cidr_blocks": [],
                "prefix_list_ids": [],
                "protocol": "-1",
                "security_groups": [],
                "self": false,
                "to_port": 0
              }
            ],
            "id": "sg-03f47bd2025315f6a",
            "ingress": [
              {
                "cidr_blocks": [
                  "0.0.0.0/0"
                ],
                "description": "SSH",
                "from_port": 22,
                "ipv6_cidr_blocks": [],
                "prefix_list_ids": [],
                "protocol": "tcp",
                "security_groups": [],
                "self": false,
                "to_port": 22
              }
            ],
            "name": "provisioner-demo-sg",
            "name_prefix": "",
            "owner_id": "642314346354",
            "revoke_rules_on_delete": false,
            "tags": null,
            "tags_all": {},
            "timeouts": null,
            "vpc_id": "vpc-0f60fbda2d73da6b8"
          },
          "sensitive_attributes": [],
          "identity_schema_version": 0,
          "private": "eyJlMmJmYjczMC1lY2FhLTExZTYtOGY4OC0zNDM2M2JjN2M0YzAiOnsiY3JlYXRlIjo2MDAwMDAwMDAwMDAsImRlbGV0ZSI6OTAwMDAwMDAwMDAwfSwic2NoZW1hX3ZlcnNpb24iOiIxIn0="
        }
      ]
    }
  ],
  "check_results": null
}
